
Microsoft Visual Studio Solution File, Format Version 12.00
# Visual Studio Version 17
VisualStudioVersion = 17.8.34525.116
MinimumVisualStudioVersion = 10.0.40219.1
Project("{9A19103F-16F7-4668-BE54-9A1E7A4F7556}") = "MealOrdering.Server", "MealOrdering\Server\MealOrdering.Server.csproj", "{20FD217B-BE7F-4E38-90EA-E09A7E192BBE}"
EndProject
Project("{9A19103F-16F7-4668-BE54-9A1E7A4F7556}") = "MealOrdering.Client", "MealOrdering\Client\MealOrdering.Client.csproj", "{F25C1A65-0B41-4BFF-B642-41137639B536}"
EndProject
Project("{9A19103F-16F7-4668-BE54-9A1E7A4F7556}") = "MealOrdering.Shared", "MealOrdering\Shared\MealOrdering.Shared.csproj", "{8B07A2F3-781F-4D8A-92C4-68DF371C9904}"
EndProject
Project("{9A19103F-16F7-4668-BE54-9A1E7A4F7556}") = "MealOrdering.Server.Data", "MealOrdering.Server.Data\MealOrdering.Server.Data.csproj", "{BAB46778-496B-4E30-BC28-751BE5EA4F1E}"
EndProject
Global
	GlobalSection(SolutionConfigurationPlatforms) = preSolution
		Debug|Any CPU = Debug|Any CPU
		Release|Any CPU = Release|Any CPU
	EndGlobalSection
	GlobalSection(ProjectConfigurationPlatforms) = postSolution
		{20FD217B-BE7F-4E38-90EA-E09A7E192BBE}.Debug|Any CPU.ActiveCfg = Debug|Any CPU
		{20FD217B-BE7F-4E38-90EA-E09A7E192BBE}.Debug|Any CPU.Build.0 = Debug|Any CPU
		{20FD217B-BE7F-4E38-90EA-E09A7E192BBE}.Release|Any CPU.ActiveCfg = Release|Any CPU
		{20FD217B-BE7F-4E38-90EA-E09A7E192BBE}.Release|Any CPU.Build.0 = Release|Any CPU
		{F25C1A65-0B41-4BFF-B642-41137639B536}.Debug|Any CPU.ActiveCfg = Debug|Any CPU
		{F25C1A65-0B41-4BFF-B642-41137639B536}.Debug|Any CPU.Build.0 = Debug|Any CPU
		{F25C1A65-0B41-4BFF-B642-41137639B536}.Release|Any CPU.ActiveCfg = Release|Any CPU
		{F25C1A65-0B41-4BFF-B642-41137639B536}.Release|Any CPU.Build.0 = Release|Any CPU
		{8B07A2F3-781F-4D8A-92C4-68DF371C9904}.Debug|Any CPU.ActiveCfg = Debug|Any CPU
		{8B07A2F3-781F-4D8A-92C4-68DF371C9904}.Debug|Any CPU.Build.0 = Debug|Any CPU
		{8B07A2F3-781F-4D8A-92C4-68DF371C9904}.Release|Any CPU.ActiveCfg = Release|Any CPU
		{8B07A2F3-781F-4D8A-92C4-68DF371C9904}.Release|Any CPU.Build.0 = Release|Any CPU
		{BAB46778-496B-4E30-BC28-751BE5EA4F1E}.Debug|Any CPU.ActiveCfg = Debug|Any CPU
		{BAB46778-496B-4E30-BC28-751BE5EA4F1E}.Debug|Any CPU.Build.0 = Debug|Any CPU
		{BAB46778-496B-4E30-BC28-751BE5EA4F1E}.Release|Any CPU.ActiveCfg = Release|Any CPU
		{BAB46778-496B-4E30-BC28-751BE5EA4F1E}.Release|Any CPU.Build.0 = Release|Any CPU
	EndGlobalSection
	GlobalSection(SolutionProperties) = preSolution
		HideSolutionNode = FALSE
	EndGlobalSection
	GlobalSection(ExtensibilityGlobals) = postSolution
		SolutionGuid = {F803E72F-5461-4A6F-BCF8-DE3BE4519D1E}
	EndGlobalSection
EndGlobal
